
Microsoft Visual Studio Solution File, Format Version 12.00
# Visual Studio 15
VisualStudioVersion = 15.0.27428.2027
MinimumVisualStudioVersion = 10.0.40219.1
Project("{FAE04EC0-301F-11D3-BF4B-00C04F79EFBC}") = "Castro.QaStudy.Framework", "Castro.QaStudy.Framework\Castro.QaStudy.Framework.csproj", "{1BB618B4-1B29-4E72-99E1-E34F21CCDADF}"
EndProject
Project("{FAE04EC0-301F-11D3-BF4B-00C04F79EFBC}") = "Castro.QaStudy.DemoTests", "Castro.QaStudy.DemoTests\Castro.QaStudy.DemoTests.csproj", "{6D2CEFF9-5336-4EF5-A4A5-DC1C218AC4AA}"
EndProject
Global
	GlobalSection(SolutionConfigurationPlatforms) = preSolution
		Debug|Any CPU = Debug|Any CPU
		Release|Any CPU = Release|Any CPU
	EndGlobalSection
	GlobalSection(ProjectConfigurationPlatforms) = postSolution
		{1BB618B4-1B29-4E72-99E1-E34F21CCDADF}.Debug|Any CPU.ActiveCfg = Debug|Any CPU
		{1BB618B4-1B29-4E72-99E1-E34F21CCDADF}.Debug|Any CPU.Build.0 = Debug|Any CPU
		{1BB618B4-1B29-4E72-99E1-E34F21CCDADF}.Release|Any CPU.ActiveCfg = Release|Any CPU
		{1BB618B4-1B29-4E72-99E1-E34F21CCDADF}.Release|Any CPU.Build.0 = Release|Any CPU
		{6D2CEFF9-5336-4EF5-A4A5-DC1C218AC4AA}.Debug|Any CPU.ActiveCfg = Debug|Any CPU
		{6D2CEFF9-5336-4EF5-A4A5-DC1C218AC4AA}.Debug|Any CPU.Build.0 = Debug|Any CPU
		{6D2CEFF9-5336-4EF5-A4A5-DC1C218AC4AA}.Release|Any CPU.ActiveCfg = Release|Any CPU
		{6D2CEFF9-5336-4EF5-A4A5-DC1C218AC4AA}.Release|Any CPU.Build.0 = Release|Any CPU
	EndGlobalSection
	GlobalSection(SolutionProperties) = preSolution
		HideSolutionNode = FALSE
	EndGlobalSection
	GlobalSection(ExtensibilityGlobals) = postSolution
		SolutionGuid = {C42B76EB-6D2D-4FE0-A2A1-2F05B1377CDD}
	EndGlobalSection
EndGlobal
